// !$*UTF8*$!
{
	archiveVersion = 1;
	classes = {
	};
	objectVersion = 48;
	objects = {

/* Begin PBXBuildFile section */
		000DB3DF2025D2010020CA6E /* AppDelegate.swift in Sources */ = {isa = PBXBuildFile; fileRef = 000DB3DE2025D2010020CA6E /* AppDelegate.swift */; };
		000DB3E12025D2010020CA6E /* ViewController.swift in Sources */ = {isa = PBXBuildFile; fileRef = 000DB3E02025D2010020CA6E /* ViewController.swift */; };
		000DB3E42025D2010020CA6E /* Main.storyboard in Resources */ = {isa = PBXBuildFile; fileRef = 000DB3E22025D2010020CA6E /* Main.storyboard */; };
		000DB3E62025D2010020CA6E /* Assets.xcassets in Resources */ = {isa = PBXBuildFile; fileRef = 000DB3E52025D2010020CA6E /* Assets.xcassets */; };
		000DB3E92025D2010020CA6E /* LaunchScreen.storyboard in Resources */ = {isa = PBXBuildFile; fileRef = 000DB3E72025D2010020CA6E /* LaunchScreen.storyboard */; };
		000DB3F12025D8150020CA6E /* QuizViewController.swift in Sources */ = {isa = PBXBuildFile; fileRef = 000DB3F02025D8150020CA6E /* QuizViewController.swift */; };
		000DB3F32025D82D0020CA6E /* ResultViewController.swift in Sources */ = {isa = PBXBuildFile; fileRef = 000DB3F22025D82D0020CA6E /* ResultViewController.swift */; };
		000DB3F52025E41E0020CA6E /* Quiz.swift in Sources */ = {isa = PBXBuildFile; fileRef = 000DB3F42025E41E0020CA6E /* Quiz.swift */; };
		000DB3F72025E4400020CA6E /* QuizManager.swift in Sources */ = {isa = PBXBuildFile; fileRef = 000DB3F62025E4400020CA6E /* QuizManager.swift */; };
		000DB3FC202601D70020CA6E /* 01.png in Resources */ = {isa = PBXBuildFile; fileRef = 000DB3F9202601D60020CA6E /* 01.png */; };
		000DB3FD202601D70020CA6E /* 03.png in Resources */ = {isa = PBXBuildFile; fileRef = 000DB3FA202601D70020CA6E /* 03.png */; };
		000DB400202602970020CA6E /* 02.png in Resources */ = {isa = PBXBuildFile; fileRef = 000DB3FF202602970020CA6E /* 02.png */; };
/* End PBXBuildFile section */

/* Begin PBXFileReference section */
		000DB3DB2025D2010020CA6E /* SwiftQuiz.app */ = {isa = PBXFileReference; explicitFileType = wrapper.application; includeInIndex = 0; path = SwiftQuiz.app; sourceTree = BUILT_PRODUCTS_DIR; };
		000DB3DE2025D2010020CA6E /* AppDelegate.swift */ = {isa = PBXFileReference; lastKnownFileType = sourcecode.swift; path = AppDelegate.swift; sourceTree = "<group>"; };
		000DB3E02025D2010020CA6E /* ViewController.swift */ = {isa = PBXFileReference; lastKnownFileType = sourcecode.swift; path = ViewController.swift; sourceTree = "<group>"; };
		000DB3E32025D2010020CA6E /* Base */ = {isa = PBXFileReference; lastKnownFileType = file.storyboard; name = Base; path = Base.lproj/Main.storyboard; sourceTree = "<group>"; };
		000DB3E52025D2010020CA6E /* Assets.xcassets */ = {isa = PBXFileReference; lastKnownFileType = folder.assetcatalog; path = Assets.xcassets; sourceTree = "<group>"; };
		000DB3E82025D2010020CA6E /* Base */ = {isa = PBXFileReference; lastKnownFileType = file.storyboard; name = Base; path = Base.lproj/LaunchScreen.storyboard; sourceTree = "<group>"; };
		000DB3EA2025D2010020CA6E /* Info.plist */ = {isa = PBXFileReference; lastKnownFileType = text.plist.xml; path = Info.plist; sourceTree = "<group>"; };
		000DB3F02025D8150020CA6E /* QuizViewController.swift */ = {isa = PBXFileReference; lastKnownFileType = sourcecode.swift; path = QuizViewController.swift; sourceTree = "<group>"; };
		000DB3F22025D82D0020CA6E /* ResultViewController.swift */ = {isa = PBXFileReference; lastKnownFileType = sourcecode.swift; path = ResultViewController.swift; sourceTree = "<group>"; };
		000DB3F42025E41E0020CA6E /* Quiz.swift */ = {isa = PBXFileReference; lastKnownFileType = sourcecode.swift; path = Quiz.swift; sourceTree = "<group>"; };
		000DB3F62025E4400020CA6E /* QuizManager.swift */ = {isa = PBXFileReference; lastKnownFileType = sourcecode.swift; path = QuizManager.swift; sourceTree = "<group>"; };
		000DB3F9202601D60020CA6E /* 01.png */ = {isa = PBXFileReference; lastKnownFileType = image.png; path = 01.png; sourceTree = "<group>"; };
		000DB3FA202601D70020CA6E /* 03.png */ = {isa = PBXFileReference; lastKnownFileType = image.png; path = 03.png; sourceTree = "<group>"; };
		000DB3FF202602970020CA6E /* 02.png */ = {isa = PBXFileReference; lastKnownFileType = image.png; path = 02.png; sourceTree = "<group>"; };
/* End PBXFileReference section */

/* Begin PBXFrameworksBuildPhase section */
		000DB3D82025D2010020CA6E /* Frameworks */ = {
			isa = PBXFrameworksBuildPhase;
			buildActionMask = 2147483647;
			files = (
			);
			runOnlyForDeploymentPostprocessing = 0;
		};
/* End PBXFrameworksBuildPhase section */

/* Begin PBXGroup section */
		000DB3D22025D2010020CA6E = {
			isa = PBXGroup;
			children = (
				000DB3DD2025D2010020CA6E /* SwiftQuiz */,
				000DB3DC2025D2010020CA6E /* Products */,
			);
			sourceTree = "<group>";
		};
		000DB3DC2025D2010020CA6E /* Products */ = {
			isa = PBXGroup;
			children = (
				000DB3DB2025D2010020CA6E /* SwiftQuiz.app */,
			);
			name = Products;
			sourceTree = "<group>";
		};
		000DB3DD2025D2010020CA6E /* SwiftQuiz */ = {
			isa = PBXGroup;
			children = (
				000DB3F82025F2FF0020CA6E /* screenshot */,
				000DB3DE2025D2010020CA6E /* AppDelegate.swift */,
				000DB3E02025D2010020CA6E /* ViewController.swift */,
				000DB3E22025D2010020CA6E /* Main.storyboard */,
				000DB3E52025D2010020CA6E /* Assets.xcassets */,
				000DB3E72025D2010020CA6E /* LaunchScreen.storyboard */,
				000DB3EA2025D2010020CA6E /* Info.plist */,
				000DB3F02025D8150020CA6E /* QuizViewController.swift */,
				000DB3F22025D82D0020CA6E /* ResultViewController.swift */,
				000DB3F42025E41E0020CA6E /* Quiz.swift */,
				000DB3F62025E4400020CA6E /* QuizManager.swift */,
			);
			path = SwiftQuiz;
			sourceTree = "<group>";
		};
		000DB3F82025F2FF0020CA6E /* screenshot */ = {
			isa = PBXGroup;
			children = (
				000DB3F9202601D60020CA6E /* 01.png */,
				000DB3FF202602970020CA6E /* 02.png */,
				000DB3FA202601D70020CA6E /* 03.png */,
			);
			path = screenshot;
			sourceTree = "<group>";
		};
/* End PBXGroup section */

/* Begin PBXNativeTarget section */
		000DB3DA2025D2010020CA6E /* SwiftQuiz */ = {
			isa = PBXNativeTarget;
			buildConfigurationList = 000DB3ED2025D2010020CA6E /* Build configuration list for PBXNativeTarget "SwiftQuiz" */;
			buildPhases = (
				000DB3D72025D2010020CA6E /* Sources */,
				000DB3D82025D2010020CA6E /* Frameworks */,
				000DB3D92025D2010020CA6E /* Resources */,
			);
			buildRules = (
			);
			dependencies = (
			);
			name = SwiftQuiz;
			productName = SwiftQuiz;
			productReference = 000DB3DB2025D2010020CA6E /* SwiftQuiz.app */;
			productType = "com.apple.product-type.application";
		};
/* End PBXNativeTarget section */

/* Begin PBXProject section */
		000DB3D32025D2010020CA6E /* Project object */ = {
			isa = PBXProject;
			attributes = {
				LastSwiftUpdateCheck = 0920;
				LastUpgradeCheck = 0920;
				ORGANIZATIONNAME = "Guilherme Bury";
				TargetAttributes = {
					000DB3DA2025D2010020CA6E = {
						CreatedOnToolsVersion = 9.2;
						ProvisioningStyle = Automatic;
					};
				};
			};
			buildConfigurationList = 000DB3D62025D2010020CA6E /* Build configuration list for PBXProject "SwiftQuiz" */;
			compatibilityVersion = "Xcode 8.0";
			developmentRegion = en;
			hasScannedForEncodings = 0;
			knownRegions = (
				en,
				Base,
			);
			mainGroup = 000DB3D22025D2010020CA6E;
			productRefGroup = 000DB3DC2025D2010020CA6E /* Products */;
			projectDirPath = "";
			projectRoot = "";
			targets = (
				000DB3DA2025D2010020CA6E /* SwiftQuiz */,
			);
		};
/* End PBXProject section */

/* Begin PBXResourcesBuildPhase section */
		000DB3D92025D2010020CA6E /* Resources */ = {
			isa = PBXResourcesBuildPhase;
			buildActionMask = 2147483647;
			files = (
				000DB3FD202601D70020CA6E /* 03.png in Resources */,
				000DB3E92025D2010020CA6E /* LaunchScreen.storyboard in Resources */,
				000DB3E62025D2010020CA6E /* Assets.xcassets in Resources */,
				000DB3FC202601D70020CA6E /* 01.png in Resources */,
				000DB3E42025D2010020CA6E /* Main.storyboard in Resources */,
				000DB400202602970020CA6E /* 02.png in Resources */,
			);
			runOnlyForDeploymentPostprocessing = 0;
		};
/* End PBXResourcesBuildPhase section */

/* Begin PBXSourcesBuildPhase section */
		000DB3D72025D2010020CA6E /* Sources */ = {
			isa = PBXSourcesBuildPhase;
			buildActionMask = 2147483647;
			files = (
				000DB3F12025D8150020CA6E /* QuizViewController.swift in Sources */,
				000DB3F52025E41E0020CA6E /* Quiz.swift in Sources */,
				000DB3E12025D2010020CA6E /* ViewController.swift in Sources */,
				000DB3DF2025D2010020CA6E /* AppDelegate.swift in Sources */,
				000DB3F72025E4400020CA6E /* QuizManager.swift in Sources */,
				000DB3F32025D82D0020CA6E /* ResultViewController.swift in Sources */,
			);
			runOnlyForDeploymentPostprocessing = 0;
		};
/* End PBXSourcesBuildPhase section */

/* Begin PBXVariantGroup section */
		000DB3E22025D2010020CA6E /* Main.storyboard */ = {
			isa = PBXVariantGroup;
			children = (
				000DB3E32025D2010020CA6E /* Base */,
			);
			name = Main.storyboard;
			sourceTree = "<group>";
		};
		000DB3E72025D2010020CA6E /* LaunchScreen.storyboard */ = {
			isa = PBXVariantGroup;
			children = (
				000DB3E82025D2010020CA6E /* Base */,
			);
			name = LaunchScreen.storyboard;
			sourceTree = "<group>";
		};
/* End PBXVariantGroup section */

/* Begin XCBuildConfiguration section */
		000DB3EB2025D2010020CA6E /* Debug */ = {
			isa = XCBuildConfiguration;
			buildSettings = {
				ALWAYS_SEARCH_USER_PATHS = NO;
				CLANG_ANALYZER_NONNULL = YES;
				CLANG_ANALYZER_NUMBER_OBJECT_CONVERSION = YES_AGGRESSIVE;
				CLANG_CXX_LANGUAGE_STANDARD = "gnu++14";
				CLANG_CXX_LIBRARY = "libc++";
				CLANG_ENABLE_MODULES = YES;
				CLANG_ENABLE_OBJC_ARC = YES;
				CLANG_WARN_BLOCK_CAPTURE_AUTORELEASING = YES;
				CLANG_WARN_BOOL_CONVERSION = YES;
				CLANG_WARN_COMMA = YES;
				CLANG_WARN_CONSTANT_CONVERSION = YES;
				CLANG_WARN_DIRECT_OBJC_ISA_USAGE = YES_ERROR;
				CLANG_WARN_DOCUMENTATION_COMMENTS = YES;
				CLANG_WARN_EMPTY_BODY = YES;
				CLANG_WARN_ENUM_CONVERSION = YES;
				CLANG_WARN_INFINITE_RECURSION = YES;
				CLANG_WARN_INT_CONVERSION = YES;
				CLANG_WARN_NON_LITERAL_NULL_CONVERSION = YES;
				CLANG_WARN_OBJC_LITERAL_CONVERSION = YES;
				CLANG_WARN_OBJC_ROOT_CLASS = YES_ERROR;
				CLANG_WARN_RANGE_LOOP_ANALYSIS = YES;
				CLANG_WARN_STRICT_PROTOTYPES = YES;
				CLANG_WARN_SUSPICIOUS_MOVE = YES;
				CLANG_WARN_UNGUARDED_AVAILABILITY = YES_AGGRESSIVE;
				CLANG_WARN_UNREACHABLE_CODE = YES;
				CLANG_WARN__DUPLICATE_METHOD_MATCH = YES;
				CODE_SIGN_IDENTITY = "iPhone Developer";
				COPY_PHASE_STRIP = NO;
				DEBUG_INFORMATION_FORMAT = dwarf;
				ENABLE_STRICT_OBJC_MSGSEND = YES;
				ENABLE_TESTABILITY = YES;
				GCC_C_LANGUAGE_STANDARD = gnu11;
				GCC_DYNAMIC_NO_PIC = NO;
				GCC_NO_COMMON_BLOCKS = YES;
				GCC_OPTIMIZATION_LEVEL = 0;
				GCC_PREPROCESSOR_DEFINITIONS = (
					"DEBUG=1",
					"$(inherited)",
				);
				GCC_WARN_64_TO_32_BIT_CONVERSION = YES;
				GCC_WARN_ABOUT_RETURN_TYPE = YES_ERROR;
				GCC_WARN_UNDECLARED_SELECTOR = YES;
				GCC_WARN_UNINITIALIZED_AUTOS = YES_AGGRESSIVE;
				GCC_WARN_UNUSED_FUNCTION = YES;
				GCC_WARN_UNUSED_VARIABLE = YES;
				IPHONEOS_DEPLOYMENT_TARGET = 11.2;
				MTL_ENABLE_DEBUG_INFO = YES;
				ONLY_ACTIVE_ARCH = YES;
				SDKROOT = iphoneos;
				SWIFT_ACTIVE_COMPILATION_CONDITIONS = DEBUG;
				SWIFT_OPTIMIZATION_LEVEL = "-Onone";
			};
			name = Debug;
		};
		000DB3EC2025D2010020CA6E /* Release */ = {
			isa = XCBuildConfiguration;
			buildSettings = {
				ALWAYS_SEARCH_USER_PATHS = NO;
				CLANG_ANALYZER_NONNULL = YES;
				CLANG_ANALYZER_NUMBER_OBJECT_CONVERSION = YES_AGGRESSIVE;
				CLANG_CXX_LANGUAGE_STANDARD = "gnu++14";
				CLANG_CXX_LIBRARY = "libc++";
				CLANG_ENABLE_MODULES = YES;
				CLANG_ENABLE_OBJC_ARC = YES;
				CLANG_WARN_BLOCK_CAPTURE_AUTORELEASING = YES;
				CLANG_WARN_BOOL_CONVERSION = YES;
				CLANG_WARN_COMMA = YES;
				CLANG_WARN_CONSTANT_CONVERSION = YES;
				CLANG_WARN_DIRECT_OBJC_ISA_USAGE = YES_ERROR;
				CLANG_WARN_DOCUMENTATION_COMMENTS = YES;
				CLANG_WARN_EMPTY_BODY = YES;
				CLANG_WARN_ENUM_CONVERSION = YES;
				CLANG_WARN_INFINITE_RECURSION = YES;
				CLANG_WARN_INT_CONVERSION = YES;
				CLANG_WARN_NON_LITERAL_NULL_CONVERSION = YES;
				CLANG_WARN_OBJC_LITERAL_CONVERSION = YES;
				CLANG_WARN_OBJC_ROOT_CLASS = YES_ERROR;
				CLANG_WARN_RANGE_LOOP_ANALYSIS = YES;
				CLANG_WARN_STRICT_PROTOTYPES = YES;
				CLANG_WARN_SUSPICIOUS_MOVE = YES;
				CLANG_WARN_UNGUARDED_AVAILABILITY = YES_AGGRESSIVE;
				CLANG_WARN_UNREACHABLE_CODE = YES;
				CLANG_WARN__DUPLICATE_METHOD_MATCH = YES;
				CODE_SIGN_IDENTITY = "iPhone Developer";
				COPY_PHASE_STRIP = NO;
				DEBUG_INFORMATION_FORMAT = "dwarf-with-dsym";
				ENABLE_NS_ASSERTIONS = NO;
				ENABLE_STRICT_OBJC_MSGSEND = YES;
				GCC_C_LANGUAGE_STANDARD = gnu11;
				GCC_NO_COMMON_BLOCKS = YES;
				GCC_WARN_64_TO_32_BIT_CONVERSION = YES;
				GCC_WARN_ABOUT_RETURN_TYPE = YES_ERROR;
				GCC_WARN_UNDECLARED_SELECTOR = YES;
				GCC_WARN_UNINITIALIZED_AUTOS = YES_AGGRESSIVE;
				GCC_WARN_UNUSED_FUNCTION = YES;
				GCC_WARN_UNUSED_VARIABLE = YES;
				IPHONEOS_DEPLOYMENT_TARGET = 11.2;
				MTL_ENABLE_DEBUG_INFO = NO;
				SDKROOT = iphoneos;
				SWIFT_OPTIMIZATION_LEVEL = "-Owholemodule";
				VALIDATE_PRODUCT = YES;
			};
			name = Release;
		};
		000DB3EE2025D2010020CA6E /* Debug */ = {
			isa = XCBuildConfiguration;
			buildSettings = {
				ASSETCATALOG_COMPILER_APPICON_NAME = AppIcon;
				CODE_SIGN_STYLE = Automatic;
				DEVELOPMENT_TEAM = "";
				INFOPLIST_FILE = SwiftQuiz/Info.plist;
				LD_RUNPATH_SEARCH_PATHS = "$(inherited) @executable_path/Frameworks";
				PRODUCT_BUNDLE_IDENTIFIER = com.guilhermebury.SwiftQuiz;
				PRODUCT_NAME = "$(TARGET_NAME)";
				SWIFT_VERSION = 4.0;
				TARGETED_DEVICE_FAMILY = 1;
			};
			name = Debug;
		};
		000DB3EF2025D2010020CA6E /* Release */ = {
			isa = XCBuildConfiguration;
			buildSettings = {
				ASSETCATALOG_COMPILER_APPICON_NAME = AppIcon;
				CODE_SIGN_STYLE = Automatic;
				DEVELOPMENT_TEAM = "";
				INFOPLIST_FILE = SwiftQuiz/Info.plist;
				LD_RUNPATH_SEARCH_PATHS = "$(inherited) @executable_path/Frameworks";
				PRODUCT_BUNDLE_IDENTIFIER = com.guilhermebury.SwiftQuiz;
				PRODUCT_NAME = "$(TARGET_NAME)";
				SWIFT_VERSION = 4.0;
				TARGETED_DEVICE_FAMILY = 1;
			};
			name = Release;
		};
/* End XCBuildConfiguration section */

/* Begin XCConfigurationList section */
		000DB3D62025D2010020CA6E /* Build configuration list for PBXProject "SwiftQuiz" */ = {
			isa = XCConfigurationList;
			buildConfigurations = (
				000DB3EB2025D2010020CA6E /* Debug */,
				000DB3EC2025D2010020CA6E /* Release */,
			);
			defaultConfigurationIsVisible = 0;
			defaultConfigurationName = Release;
		};
		000DB3ED2025D2010020CA6E /* Build configuration list for PBXNativeTarget "SwiftQuiz" */ = {
			isa = XCConfigurationList;
			buildConfigurations = (
				000DB3EE2025D2010020CA6E /* Debug */,
				000DB3EF2025D2010020CA6E /* Release */,
			);
			defaultConfigurationIsVisible = 0;
			defaultConfigurationName = Release;
		};
/* End XCConfigurationList section */
	};
	rootObject = 000DB3D32025D2010020CA6E /* Project object */;
}
